{
  "name": "noma",
  "lockfileVersion": 3,
  "requires": true,
  "packages": {
    "": {
      "name": "noma",
      "dependencies": {
        "@lamentis/naome": "^1.4.11"
      }
    },
    "node_modules/@lamentis/naome": {
      "version": "1.4.11",
      "resolved": "https://registry.npmjs.org/@lamentis/naome/-/naome-1.4.11.tgz",
      "integrity": "sha512-5oNdVbr6pFE8lo17YtzMfGXN6+uM9WWFrmVWGpGAhA8rsFup/R/GHqQjWtMnaElFtSlJPcZBFiEF3AOZrbF7og==",
      "license": "Apache-2.0",
      "bin": {
        "naome": "bin/naome.js"
      },
      "engines": {
        "node": ">=18"
      }
    }
  }
}
