{
  "name": "noma",
  "lockfileVersion": 3,
  "requires": true,
  "packages": {
    "": {
      "name": "noma",
      "dependencies": {
        "@lamentis/naome": "1.4.12"
      }
    },
    "node_modules/@lamentis/naome": {
      "version": "1.4.12",
      "resolved": "https://registry.npmjs.org/@lamentis/naome/-/naome-1.4.12.tgz",
      "integrity": "sha512-gdgtw3f1oC9kuYMaEdo5MfaFsXj1OYV1XjRiPp0eJNyLCc5kSxOK86ohVEEmkL4mB67CA+FX7G2L0yT2vRxgeg==",
      "license": "Apache-2.0",
      "bin": {
        "naome": "bin/naome.js"
      },
      "engines": {
        "node": ">=18"
      }
    }
  }
}
