{
  "name": "noma",
  "lockfileVersion": 3,
  "requires": true,
  "packages": {
    "": {
      "name": "noma",
      "dependencies": {
        "@lamentis/naome": "^1.4.8"
      }
    },
    "node_modules/@lamentis/naome": {
      "version": "1.4.8",
      "resolved": "https://registry.npmjs.org/@lamentis/naome/-/naome-1.4.8.tgz",
      "integrity": "sha512-HZ2DOVbon8Gd3lLcZH+G2zmyTxUSaRbpLQgFpp5TmSf+/TrPlJl4gdv2DVRhbuwlvMycksH1WSr1wdY8Gdq+lA==",
      "license": "Apache-2.0",
      "bin": {
        "naome": "bin/naome.js"
      },
      "engines": {
        "node": ">=18"
      }
    }
  }
}
